
Microsoft Visual Studio Solution File, Format Version 12.00
# Visual Studio Version 16
VisualStudioVersion = 16.0.30413.136
MinimumVisualStudioVersion = 10.0.40219.1
Project("{2150E333-8FDC-42A3-9474-1A3956D46DE8}") = "Practice", "Practice", "{C432CA3F-9031-42D0-B424-8B981F6BAECB}"
EndProject
Project("{9A19103F-16F7-4668-BE54-9A1E7A4F7556}") = "Authorize_Practice", "Authorize_Practice\Authorize_Practice.csproj", "{81D4E77F-EA44-444A-A1C1-2C5962ACB8C9}"
EndProject
Global
	GlobalSection(SolutionConfigurationPlatforms) = preSolution
		Debug|Any CPU = Debug|Any CPU
		Release|Any CPU = Release|Any CPU
	EndGlobalSection
	GlobalSection(ProjectConfigurationPlatforms) = postSolution
		{81D4E77F-EA44-444A-A1C1-2C5962ACB8C9}.Debug|Any CPU.ActiveCfg = Debug|Any CPU
		{81D4E77F-EA44-444A-A1C1-2C5962ACB8C9}.Debug|Any CPU.Build.0 = Debug|Any CPU
		{81D4E77F-EA44-444A-A1C1-2C5962ACB8C9}.Release|Any CPU.ActiveCfg = Release|Any CPU
		{81D4E77F-EA44-444A-A1C1-2C5962ACB8C9}.Release|Any CPU.Build.0 = Release|Any CPU
	EndGlobalSection
	GlobalSection(SolutionProperties) = preSolution
		HideSolutionNode = FALSE
	EndGlobalSection
	GlobalSection(NestedProjects) = preSolution
		{81D4E77F-EA44-444A-A1C1-2C5962ACB8C9} = {C432CA3F-9031-42D0-B424-8B981F6BAECB}
	EndGlobalSection
	GlobalSection(ExtensibilityGlobals) = postSolution
		SolutionGuid = {8823AC07-F18A-4316-A82F-D247DDCE7720}
	EndGlobalSection
EndGlobal
